
Microsoft Visual Studio Solution File, Format Version 12.00
# Visual Studio Version 17
VisualStudioVersion = 17.9.34728.123
MinimumVisualStudioVersion = 10.0.40219.1
Project("{FAE04EC0-301F-11D3-BF4B-00C04F79EFBC}") = "pavel-sorokin-kt-41-21", "pavel-sorokin-kt-41-21\pavel-sorokin-kt-41-21.csproj", "{CA958643-6BF7-400D-9967-E350F6303853}"
EndProject
Global
	GlobalSection(SolutionConfigurationPlatforms) = preSolution
		Debug|Any CPU = Debug|Any CPU
		Release|Any CPU = Release|Any CPU
	EndGlobalSection
	GlobalSection(ProjectConfigurationPlatforms) = postSolution
		{CA958643-6BF7-400D-9967-E350F6303853}.Debug|Any CPU.ActiveCfg = Debug|Any CPU
		{CA958643-6BF7-400D-9967-E350F6303853}.Debug|Any CPU.Build.0 = Debug|Any CPU
		{CA958643-6BF7-400D-9967-E350F6303853}.Release|Any CPU.ActiveCfg = Release|Any CPU
		{CA958643-6BF7-400D-9967-E350F6303853}.Release|Any CPU.Build.0 = Release|Any CPU
	EndGlobalSection
	GlobalSection(SolutionProperties) = preSolution
		HideSolutionNode = FALSE
	EndGlobalSection
	GlobalSection(ExtensibilityGlobals) = postSolution
		SolutionGuid = {1B1C2A48-026E-49C4-AA0A-7411D1BC817B}
	EndGlobalSection
EndGlobal
